// !$*UTF8*$!
{
	archiveVersion = 1;
	classes = {
	};
	objectVersion = 50;
	objects = {

/* Begin PBXBuildFile section */
		0E82137273B00B88D28374B4 /* Pods_OWE_Frontend.framework in Frameworks */ = {isa = PBXBuildFile; fileRef = 35BFE04CD19CF0053BC89AD5 /* Pods_OWE_Frontend.framework */; };
		6305CEA621B8335100F1B4F3 /* BaseViewController.swift in Sources */ = {isa = PBXBuildFile; fileRef = 6305CEA521B8335100F1B4F3 /* BaseViewController.swift */; };
		6305CEAD21B9736F00F1B4F3 /* LoginViewController.swift in Sources */ = {isa = PBXBuildFile; fileRef = 6305CEAC21B9736F00F1B4F3 /* LoginViewController.swift */; };
		6330383D219DC5880089B620 /* GroupUsersViewModel.swift in Sources */ = {isa = PBXBuildFile; fileRef = 6330383C219DC5880089B620 /* GroupUsersViewModel.swift */; };
		63303843219F53970089B620 /* SearchClient.swift in Sources */ = {isa = PBXBuildFile; fileRef = 63303842219F53970089B620 /* SearchClient.swift */; };
		6330384521A0F0DF0089B620 /* AddMemberTableCell.swift in Sources */ = {isa = PBXBuildFile; fileRef = 6330384421A0F0DF0089B620 /* AddMemberTableCell.swift */; };
		6330384721A1F1FC0089B620 /* AddMemberTableCell.xib in Resources */ = {isa = PBXBuildFile; fileRef = 6330384621A1F1FC0089B620 /* AddMemberTableCell.xib */; };
		6330384E21A650BC0089B620 /* Parser.swift in Sources */ = {isa = PBXBuildFile; fileRef = 6330384D21A650BC0089B620 /* Parser.swift */; };
		6330385221A917E70089B620 /* MemberTableCell.xib in Resources */ = {isa = PBXBuildFile; fileRef = 6330385121A917E70089B620 /* MemberTableCell.xib */; };
		6330385421A918440089B620 /* MemberTableCell.swift in Sources */ = {isa = PBXBuildFile; fileRef = 6330385321A918440089B620 /* MemberTableCell.swift */; };
		6330385621AA50430089B620 /* GroupTripViewModel.swift in Sources */ = {isa = PBXBuildFile; fileRef = 6330385521AA50420089B620 /* GroupTripViewModel.swift */; };
		63630B4321B4B5A000D2A064 /* WhoOwesTableCell.xib in Resources */ = {isa = PBXBuildFile; fileRef = 63630B4221B4B5A000D2A064 /* WhoOwesTableCell.xib */; };
		63630B4821B4DE6D00D2A064 /* WhoOwesTableCell.swift in Sources */ = {isa = PBXBuildFile; fileRef = 63630B4721B4DE6D00D2A064 /* WhoOwesTableCell.swift */; };
		63630B4A21B57C7800D2A064 /* TransactionViewModel.swift in Sources */ = {isa = PBXBuildFile; fileRef = 63630B4921B57C7800D2A064 /* TransactionViewModel.swift */; };
		63630B4D21B5F25B00D2A064 /* SplitsTableCell.swift in Sources */ = {isa = PBXBuildFile; fileRef = 63630B4B21B5F25B00D2A064 /* SplitsTableCell.swift */; };
		63630B4E21B5F25B00D2A064 /* SplitsTableCell.xib in Resources */ = {isa = PBXBuildFile; fileRef = 63630B4C21B5F25B00D2A064 /* SplitsTableCell.xib */; };
		63C73C8021892A7C00E06207 /* UserSettingsViewController.swift in Sources */ = {isa = PBXBuildFile; fileRef = 63C73C7F21892A7C00E06207 /* UserSettingsViewController.swift */; };
		63C73C82218AA9C900E06207 /* UserViewController.swift in Sources */ = {isa = PBXBuildFile; fileRef = 63C73C81218AA9C900E06207 /* UserViewController.swift */; };
		63C73C84218AB37F00E06207 /* User.swift in Sources */ = {isa = PBXBuildFile; fileRef = 63C73C83218AB37F00E06207 /* User.swift */; };
		63C73C86218E66F200E06207 /* SwiftyJSON.framework in Frameworks */ = {isa = PBXBuildFile; fileRef = 63C73C85218E66F200E06207 /* SwiftyJSON.framework */; };
		63C73C9121928A3A00E06207 /* Transaction.swift in Sources */ = {isa = PBXBuildFile; fileRef = 63C73C9021928A3A00E06207 /* Transaction.swift */; };
		63C73C9321928B5F00E06207 /* Split.swift in Sources */ = {isa = PBXBuildFile; fileRef = 63C73C9221928B5F00E06207 /* Split.swift */; };
		63C73C9A21928F6F00E06207 /* TransactionController.swift in Sources */ = {isa = PBXBuildFile; fileRef = 63C73C9921928F6F00E06207 /* TransactionController.swift */; };
		D651A07F21879FC8001F6EFA /* AppDelegate.swift in Sources */ = {isa = PBXBuildFile; fileRef = D651A07E21879FC8001F6EFA /* AppDelegate.swift */; };
		D651A08421879FC8001F6EFA /* UserViews.storyboard in Resources */ = {isa = PBXBuildFile; fileRef = D651A08221879FC8001F6EFA /* UserViews.storyboard */; };
		D651A08721879FC8001F6EFA /* OWE_Frontend.xcdatamodeld in Sources */ = {isa = PBXBuildFile; fileRef = D651A08521879FC8001F6EFA /* OWE_Frontend.xcdatamodeld */; };
		D651A08C21879FC9001F6EFA /* LaunchScreen.storyboard in Resources */ = {isa = PBXBuildFile; fileRef = D651A08A21879FC9001F6EFA /* LaunchScreen.storyboard */; };
		D651A09721879FCA001F6EFA /* OWE_FrontendTests.swift in Sources */ = {isa = PBXBuildFile; fileRef = D651A09621879FCA001F6EFA /* OWE_FrontendTests.swift */; };
		D6DD6300219A392000D28B2B /* GroupTableViewCell.xib in Resources */ = {isa = PBXBuildFile; fileRef = D6EE7F55219610B700D15CB2 /* GroupTableViewCell.xib */; };
		D6EE7F5421960FD800D15CB2 /* SwiftyJSON.swift in Sources */ = {isa = PBXBuildFile; fileRef = D6EE7F5321960FC100D15CB2 /* SwiftyJSON.swift */; };
		D6EE7F58219610F900D15CB2 /* Assets.xcassets in Resources */ = {isa = PBXBuildFile; fileRef = D6EE7F57219610F200D15CB2 /* Assets.xcassets */; };
		D6EE7F5B2197DF4300D15CB2 /* Main.storyboard in Resources */ = {isa = PBXBuildFile; fileRef = D6EE7F56219610D100D15CB2 /* Main.storyboard */; };
		D6F717AE219901BD009ED62B /* SideMenuViewController.swift in Sources */ = {isa = PBXBuildFile; fileRef = D6F717AD219901BC009ED62B /* SideMenuViewController.swift */; };
		D6F717B021993C3A009ED62B /* BaseTableViewController.swift in Sources */ = {isa = PBXBuildFile; fileRef = D6F717AF21993C3A009ED62B /* BaseTableViewController.swift */; };
		D6FE2BA5218F58070038F54F /* Group.swift in Sources */ = {isa = PBXBuildFile; fileRef = D6FE2BA4218F58070038F54F /* Group.swift */; };
		D6FE2BA7218F5E960038F54F /* GroupHomeController.swift in Sources */ = {isa = PBXBuildFile; fileRef = D6FE2BA6218F5E960038F54F /* GroupHomeController.swift */; };
		D6FE2BA9218F60590038F54F /* GroupSettingsController.swift in Sources */ = {isa = PBXBuildFile; fileRef = D6FE2BA8218F60590038F54F /* GroupSettingsController.swift */; };
		D6FE2BAB218F60680038F54F /* GroupListingController.swift in Sources */ = {isa = PBXBuildFile; fileRef = D6FE2BAA218F60680038F54F /* GroupListingController.swift */; };
		D6FE2BBD2190A32A0038F54F /* GroupTableViewCell.swift in Sources */ = {isa = PBXBuildFile; fileRef = D6FE2BBB2190A32A0038F54F /* GroupTableViewCell.swift */; };
/* End PBXBuildFile section */

/* Begin PBXContainerItemProxy section */
		D651A09321879FCA001F6EFA /* PBXContainerItemProxy */ = {
			isa = PBXContainerItemProxy;
			containerPortal = D651A07321879FC8001F6EFA /* Project object */;
			proxyType = 1;
			remoteGlobalIDString = D651A07A21879FC8001F6EFA;
			remoteInfo = "OWE Frontend";
		};
/* End PBXContainerItemProxy section */

/* Begin PBXFileReference section */
		35BFE04CD19CF0053BC89AD5 /* Pods_OWE_Frontend.framework */ = {isa = PBXFileReference; explicitFileType = wrapper.framework; includeInIndex = 0; path = Pods_OWE_Frontend.framework; sourceTree = BUILT_PRODUCTS_DIR; };
		6305CEA521B8335100F1B4F3 /* BaseViewController.swift */ = {isa = PBXFileReference; lastKnownFileType = sourcecode.swift; path = BaseViewController.swift; sourceTree = "<group>"; };
		6305CEAC21B9736F00F1B4F3 /* LoginViewController.swift */ = {isa = PBXFileReference; lastKnownFileType = sourcecode.swift; path = LoginViewController.swift; sourceTree = "<group>"; };
		6330383C219DC5880089B620 /* GroupUsersViewModel.swift */ = {isa = PBXFileReference; lastKnownFileType = sourcecode.swift; path = GroupUsersViewModel.swift; sourceTree = "<group>"; };
		63303842219F53970089B620 /* SearchClient.swift */ = {isa = PBXFileReference; lastKnownFileType = sourcecode.swift; path = SearchClient.swift; sourceTree = "<group>"; };
		6330384421A0F0DF0089B620 /* AddMemberTableCell.swift */ = {isa = PBXFileReference; lastKnownFileType = sourcecode.swift; path = AddMemberTableCell.swift; sourceTree = "<group>"; };
		6330384621A1F1FC0089B620 /* AddMemberTableCell.xib */ = {isa = PBXFileReference; lastKnownFileType = file.xib; name = AddMemberTableCell.xib; path = "OWE Frontend/Groups/Settings/AddMemberTableCell.xib"; sourceTree = SOURCE_ROOT; };
		6330384D21A650BC0089B620 /* Parser.swift */ = {isa = PBXFileReference; lastKnownFileType = sourcecode.swift; path = Parser.swift; sourceTree = "<group>"; };
		6330385121A917E70089B620 /* MemberTableCell.xib */ = {isa = PBXFileReference; fileEncoding = 4; lastKnownFileType = file.xib; name = MemberTableCell.xib; path = "OWE Frontend/Groups/Settings/MemberTableCell.xib"; sourceTree = SOURCE_ROOT; };
		6330385321A918440089B620 /* MemberTableCell.swift */ = {isa = PBXFileReference; lastKnownFileType = sourcecode.swift; path = MemberTableCell.swift; sourceTree = "<group>"; };
		6330385521AA50420089B620 /* GroupTripViewModel.swift */ = {isa = PBXFileReference; lastKnownFileType = sourcecode.swift; path = GroupTripViewModel.swift; sourceTree = "<group>"; };
		63630B4221B4B5A000D2A064 /* WhoOwesTableCell.xib */ = {isa = PBXFileReference; lastKnownFileType = file.xib; path = WhoOwesTableCell.xib; sourceTree = "<group>"; };
		63630B4721B4DE6D00D2A064 /* WhoOwesTableCell.swift */ = {isa = PBXFileReference; lastKnownFileType = sourcecode.swift; path = WhoOwesTableCell.swift; sourceTree = "<group>"; };
		63630B4921B57C7800D2A064 /* TransactionViewModel.swift */ = {isa = PBXFileReference; lastKnownFileType = sourcecode.swift; path = TransactionViewModel.swift; sourceTree = "<group>"; };
		63630B4B21B5F25B00D2A064 /* SplitsTableCell.swift */ = {isa = PBXFileReference; lastKnownFileType = sourcecode.swift; path = SplitsTableCell.swift; sourceTree = "<group>"; };
		63630B4C21B5F25B00D2A064 /* SplitsTableCell.xib */ = {isa = PBXFileReference; lastKnownFileType = file.xib; path = SplitsTableCell.xib; sourceTree = "<group>"; };
		63C73C7F21892A7C00E06207 /* UserSettingsViewController.swift */ = {isa = PBXFileReference; lastKnownFileType = sourcecode.swift; path = UserSettingsViewController.swift; sourceTree = "<group>"; };
		63C73C81218AA9C900E06207 /* UserViewController.swift */ = {isa = PBXFileReference; lastKnownFileType = sourcecode.swift; path = UserViewController.swift; sourceTree = "<group>"; };
		63C73C83218AB37F00E06207 /* User.swift */ = {isa = PBXFileReference; lastKnownFileType = sourcecode.swift; path = User.swift; sourceTree = "<group>"; };
		63C73C85218E66F200E06207 /* SwiftyJSON.framework */ = {isa = PBXFileReference; explicitFileType = wrapper.framework; path = SwiftyJSON.framework; sourceTree = BUILT_PRODUCTS_DIR; };
		63C73C9021928A3A00E06207 /* Transaction.swift */ = {isa = PBXFileReference; lastKnownFileType = sourcecode.swift; path = Transaction.swift; sourceTree = "<group>"; };
		63C73C9221928B5F00E06207 /* Split.swift */ = {isa = PBXFileReference; lastKnownFileType = sourcecode.swift; path = Split.swift; sourceTree = "<group>"; };
		63C73C9921928F6F00E06207 /* TransactionController.swift */ = {isa = PBXFileReference; lastKnownFileType = sourcecode.swift; path = TransactionController.swift; sourceTree = "<group>"; };
		647D82082CB015D478F02ABD /* Pods-OWE Frontend.debug.xcconfig */ = {isa = PBXFileReference; includeInIndex = 1; lastKnownFileType = text.xcconfig; name = "Pods-OWE Frontend.debug.xcconfig"; path = "Pods/Target Support Files/Pods-OWE Frontend/Pods-OWE Frontend.debug.xcconfig"; sourceTree = "<group>"; };
		D651A07B21879FC8001F6EFA /* OWE Frontend.app */ = {isa = PBXFileReference; explicitFileType = wrapper.application; includeInIndex = 0; path = "OWE Frontend.app"; sourceTree = BUILT_PRODUCTS_DIR; };
		D651A07E21879FC8001F6EFA /* AppDelegate.swift */ = {isa = PBXFileReference; lastKnownFileType = sourcecode.swift; path = AppDelegate.swift; sourceTree = "<group>"; };
		D651A08321879FC8001F6EFA /* Base */ = {isa = PBXFileReference; lastKnownFileType = file.storyboard; name = Base; path = Base.lproj/UserViews.storyboard; sourceTree = "<group>"; };
		D651A08621879FC8001F6EFA /* OWE_Frontend.xcdatamodel */ = {isa = PBXFileReference; lastKnownFileType = wrapper.xcdatamodel; path = OWE_Frontend.xcdatamodel; sourceTree = "<group>"; };
		D651A08B21879FC9001F6EFA /* Base */ = {isa = PBXFileReference; lastKnownFileType = file.storyboard; name = Base; path = Base.lproj/LaunchScreen.storyboard; sourceTree = "<group>"; };
		D651A08D21879FC9001F6EFA /* Info.plist */ = {isa = PBXFileReference; lastKnownFileType = text.plist.xml; path = Info.plist; sourceTree = "<group>"; };
		D651A09221879FCA001F6EFA /* OWE FrontendTests.xctest */ = {isa = PBXFileReference; explicitFileType = wrapper.cfbundle; includeInIndex = 0; path = "OWE FrontendTests.xctest"; sourceTree = BUILT_PRODUCTS_DIR; };
		D651A09621879FCA001F6EFA /* OWE_FrontendTests.swift */ = {isa = PBXFileReference; lastKnownFileType = sourcecode.swift; path = OWE_FrontendTests.swift; sourceTree = "<group>"; };
		D651A09821879FCA001F6EFA /* Info.plist */ = {isa = PBXFileReference; lastKnownFileType = text.plist.xml; path = Info.plist; sourceTree = "<group>"; };
		D6EE7F5321960FC100D15CB2 /* SwiftyJSON.swift */ = {isa = PBXFileReference; lastKnownFileType = sourcecode.swift; path = SwiftyJSON.swift; sourceTree = "<group>"; };
		D6EE7F55219610B700D15CB2 /* GroupTableViewCell.xib */ = {isa = PBXFileReference; lastKnownFileType = file.xib; path = GroupTableViewCell.xib; sourceTree = "<group>"; };
		D6EE7F56219610D100D15CB2 /* Main.storyboard */ = {isa = PBXFileReference; lastKnownFileType = file.storyboard; path = Main.storyboard; sourceTree = "<group>"; };
		D6EE7F57219610F200D15CB2 /* Assets.xcassets */ = {isa = PBXFileReference; lastKnownFileType = folder.assetcatalog; path = Assets.xcassets; sourceTree = "<group>"; };
		D6F717AD219901BC009ED62B /* SideMenuViewController.swift */ = {isa = PBXFileReference; lastKnownFileType = sourcecode.swift; name = SideMenuViewController.swift; path = "OWE Frontend/Nav Bar/SideMenuViewController.swift"; sourceTree = SOURCE_ROOT; };
		D6F717AF21993C3A009ED62B /* BaseTableViewController.swift */ = {isa = PBXFileReference; lastKnownFileType = sourcecode.swift; name = BaseTableViewController.swift; path = "OWE Frontend/Nav Bar/BaseTableViewController.swift"; sourceTree = SOURCE_ROOT; };
		D6FE2BA4218F58070038F54F /* Group.swift */ = {isa = PBXFileReference; lastKnownFileType = sourcecode.swift; path = Group.swift; sourceTree = "<group>"; };
		D6FE2BA6218F5E960038F54F /* GroupHomeController.swift */ = {isa = PBXFileReference; lastKnownFileType = sourcecode.swift; path = GroupHomeController.swift; sourceTree = "<group>"; };
		D6FE2BA8218F60590038F54F /* GroupSettingsController.swift */ = {isa = PBXFileReference; lastKnownFileType = sourcecode.swift; path = GroupSettingsController.swift; sourceTree = "<group>"; };
		D6FE2BAA218F60680038F54F /* GroupListingController.swift */ = {isa = PBXFileReference; lastKnownFileType = sourcecode.swift; path = GroupListingController.swift; sourceTree = "<group>"; };
		D6FE2BBB2190A32A0038F54F /* GroupTableViewCell.swift */ = {isa = PBXFileReference; lastKnownFileType = sourcecode.swift; path = GroupTableViewCell.swift; sourceTree = "<group>"; };
		E1435A41872F816637642B6D /* Pods-OWE Frontend.release.xcconfig */ = {isa = PBXFileReference; includeInIndex = 1; lastKnownFileType = text.xcconfig; name = "Pods-OWE Frontend.release.xcconfig"; path = "Pods/Target Support Files/Pods-OWE Frontend/Pods-OWE Frontend.release.xcconfig"; sourceTree = "<group>"; };
/* End PBXFileReference section */

/* Begin PBXFrameworksBuildPhase section */
		D651A07821879FC8001F6EFA /* Frameworks */ = {
			isa = PBXFrameworksBuildPhase;
			buildActionMask = 2147483647;
			files = (
				63C73C86218E66F200E06207 /* SwiftyJSON.framework in Frameworks */,
				0E82137273B00B88D28374B4 /* Pods_OWE_Frontend.framework in Frameworks */,
			);
			runOnlyForDeploymentPostprocessing = 0;
		};
		D651A08F21879FCA001F6EFA /* Frameworks */ = {
			isa = PBXFrameworksBuildPhase;
			buildActionMask = 2147483647;
			files = (
			);
			runOnlyForDeploymentPostprocessing = 0;
		};
/* End PBXFrameworksBuildPhase section */

/* Begin PBXGroup section */
		6305CEA421B82D0E00F1B4F3 /* Nav Bar */ = {
			isa = PBXGroup;
			children = (
				D6F717AD219901BC009ED62B /* SideMenuViewController.swift */,
				D6F717AF21993C3A009ED62B /* BaseTableViewController.swift */,
				6305CEA521B8335100F1B4F3 /* BaseViewController.swift */,
			);
			path = "Nav Bar";
			sourceTree = "<group>";
		};
		6305CEAB21B9734A00F1B4F3 /* Login */ = {
			isa = PBXGroup;
			children = (
				6305CEAC21B9736F00F1B4F3 /* LoginViewController.swift */,
			);
			path = Login;
			sourceTree = "<group>";
		};
		6330385821AB129B0089B620 /* Settings */ = {
			isa = PBXGroup;
			children = (
				D6FE2BA8218F60590038F54F /* GroupSettingsController.swift */,
				6330384421A0F0DF0089B620 /* AddMemberTableCell.swift */,
				6330384621A1F1FC0089B620 /* AddMemberTableCell.xib */,
				6330385321A918440089B620 /* MemberTableCell.swift */,
				6330385121A917E70089B620 /* MemberTableCell.xib */,
			);
			path = Settings;
			sourceTree = "<group>";
		};
		6330385921AB12E80089B620 /* Home */ = {
			isa = PBXGroup;
			children = (
				D6FE2BA6218F5E960038F54F /* GroupHomeController.swift */,
			);
			path = Home;
			sourceTree = "<group>";
		};
		6330385A21AB13230089B620 /* Listing */ = {
			isa = PBXGroup;
			children = (
				D6FE2BAA218F60680038F54F /* GroupListingController.swift */,
				D6FE2BBB2190A32A0038F54F /* GroupTableViewCell.swift */,
				D6EE7F55219610B700D15CB2 /* GroupTableViewCell.xib */,
			);
			path = Listing;
			sourceTree = "<group>";
		};
		6330385B21AC557B0089B620 /* ViewModels */ = {
			isa = PBXGroup;
			children = (
				6330385521AA50420089B620 /* GroupTripViewModel.swift */,
				6330383C219DC5880089B620 /* GroupUsersViewModel.swift */,
			);
			path = ViewModels;
			sourceTree = "<group>";
		};
		63C73C9821928F3600E06207 /* TransactionControllers */ = {
			isa = PBXGroup;
			children = (
				63C73C9921928F6F00E06207 /* TransactionController.swift */,
				63630B4921B57C7800D2A064 /* TransactionViewModel.swift */,
				63630B4721B4DE6D00D2A064 /* WhoOwesTableCell.swift */,
				63630B4221B4B5A000D2A064 /* WhoOwesTableCell.xib */,
				63630B4B21B5F25B00D2A064 /* SplitsTableCell.swift */,
				63630B4C21B5F25B00D2A064 /* SplitsTableCell.xib */,
			);
			path = TransactionControllers;
			sourceTree = "<group>";
		};
		AF1D2DA27814C7A7C5CCF81C /* Pods */ = {
			isa = PBXGroup;
			children = (
				647D82082CB015D478F02ABD /* Pods-OWE Frontend.debug.xcconfig */,
				E1435A41872F816637642B6D /* Pods-OWE Frontend.release.xcconfig */,
			);
			name = Pods;
			sourceTree = "<group>";
		};
		BFB31FF29A5356E3AA08CC28 /* Frameworks */ = {
			isa = PBXGroup;
			children = (
				63C73C85218E66F200E06207 /* SwiftyJSON.framework */,
				35BFE04CD19CF0053BC89AD5 /* Pods_OWE_Frontend.framework */,
			);
			name = Frameworks;
			sourceTree = "<group>";
		};
		D651A07221879FC8001F6EFA = {
			isa = PBXGroup;
			children = (
				D651A07D21879FC8001F6EFA /* OWE Frontend */,
				D6EE7F57219610F200D15CB2 /* Assets.xcassets */,
				D651A08D21879FC9001F6EFA /* Info.plist */,
				D651A08521879FC8001F6EFA /* OWE_Frontend.xcdatamodeld */,
				D651A09521879FCA001F6EFA /* OWE FrontendTests */,
				D651A07C21879FC8001F6EFA /* Products */,
				BFB31FF29A5356E3AA08CC28 /* Frameworks */,
				AF1D2DA27814C7A7C5CCF81C /* Pods */,
			);
			sourceTree = "<group>";
		};
		D651A07C21879FC8001F6EFA /* Products */ = {
			isa = PBXGroup;
			children = (
				D651A07B21879FC8001F6EFA /* OWE Frontend.app */,
				D651A09221879FCA001F6EFA /* OWE FrontendTests.xctest */,
			);
			name = Products;
			sourceTree = "<group>";
		};
		D651A07D21879FC8001F6EFA /* OWE Frontend */ = {
			isa = PBXGroup;
			children = (
				D6FE2BBA2190A2F50038F54F /* Delegate */,
				D6FE2BBF2190A33A0038F54F /* Views */,
				6305CEAB21B9734A00F1B4F3 /* Login */,
				D6FE2BC02190E7000038F54F /* Users */,
				D6FE2BB6219016690038F54F /* Groups */,
				63C73C9821928F3600E06207 /* TransactionControllers */,
				6305CEA421B82D0E00F1B4F3 /* Nav Bar */,
				63303842219F53970089B620 /* SearchClient.swift */,
				6330384D21A650BC0089B620 /* Parser.swift */,
				D6FE2BB5219016590038F54F /* Models */,
				D6FE2BB9219092CF0038F54F /* Resources */,
			);
			path = "OWE Frontend";
			sourceTree = "<group>";
		};
		D651A09521879FCA001F6EFA /* OWE FrontendTests */ = {
			isa = PBXGroup;
			children = (
				D651A09621879FCA001F6EFA /* OWE_FrontendTests.swift */,
				D651A09821879FCA001F6EFA /* Info.plist */,
			);
			path = "OWE FrontendTests";
			sourceTree = "<group>";
		};
		D6FE2BB5219016590038F54F /* Models */ = {
			isa = PBXGroup;
			children = (
				63C73C83218AB37F00E06207 /* User.swift */,
				D6FE2BA4218F58070038F54F /* Group.swift */,
				63C73C9021928A3A00E06207 /* Transaction.swift */,
				63C73C9221928B5F00E06207 /* Split.swift */,
			);
			path = Models;
			sourceTree = "<group>";
		};
		D6FE2BB6219016690038F54F /* Groups */ = {
			isa = PBXGroup;
			children = (
				6330385B21AC557B0089B620 /* ViewModels */,
				6330385A21AB13230089B620 /* Listing */,
				6330385921AB12E80089B620 /* Home */,
				6330385821AB129B0089B620 /* Settings */,
			);
			path = Groups;
			sourceTree = "<group>";
		};
		D6FE2BB9219092CF0038F54F /* Resources */ = {
			isa = PBXGroup;
			children = (
				D6EE7F5321960FC100D15CB2 /* SwiftyJSON.swift */,
			);
			path = Resources;
			sourceTree = "<group>";
		};
		D6FE2BBA2190A2F50038F54F /* Delegate */ = {
			isa = PBXGroup;
			children = (
				D651A07E21879FC8001F6EFA /* AppDelegate.swift */,
			);
			path = Delegate;
			sourceTree = "<group>";
		};
		D6FE2BBF2190A33A0038F54F /* Views */ = {
			isa = PBXGroup;
			children = (
				D651A08A21879FC9001F6EFA /* LaunchScreen.storyboard */,
				D651A08221879FC8001F6EFA /* UserViews.storyboard */,
				D6EE7F56219610D100D15CB2 /* Main.storyboard */,
			);
			path = Views;
			sourceTree = "<group>";
		};
		D6FE2BC02190E7000038F54F /* Users */ = {
			isa = PBXGroup;
			children = (
				63C73C81218AA9C900E06207 /* UserViewController.swift */,
				63C73C7F21892A7C00E06207 /* UserSettingsViewController.swift */,
			);
			path = Users;
			sourceTree = "<group>";
		};
/* End PBXGroup section */

/* Begin PBXNativeTarget section */
		D651A07A21879FC8001F6EFA /* OWE Frontend */ = {
			isa = PBXNativeTarget;
			buildConfigurationList = D651A09B21879FCA001F6EFA /* Build configuration list for PBXNativeTarget "OWE Frontend" */;
			buildPhases = (
				CEAA2527B28224A2EEB1DDC9 /* [CP] Check Pods Manifest.lock */,
				D651A07721879FC8001F6EFA /* Sources */,
				D651A07821879FC8001F6EFA /* Frameworks */,
				D651A07921879FC8001F6EFA /* Resources */,
				40518AC47C91E976AACEC9CF /* [CP] Embed Pods Frameworks */,
			);
			buildRules = (
			);
			dependencies = (
			);
			name = "OWE Frontend";
			productName = "OWE Frontend";
			productReference = D651A07B21879FC8001F6EFA /* OWE Frontend.app */;
			productType = "com.apple.product-type.application";
		};
		D651A09121879FCA001F6EFA /* OWE FrontendTests */ = {
			isa = PBXNativeTarget;
			buildConfigurationList = D651A09E21879FCA001F6EFA /* Build configuration list for PBXNativeTarget "OWE FrontendTests" */;
			buildPhases = (
				D651A08E21879FCA001F6EFA /* Sources */,
				D651A08F21879FCA001F6EFA /* Frameworks */,
				D651A09021879FCA001F6EFA /* Resources */,
			);
			buildRules = (
			);
			dependencies = (
				D651A09421879FCA001F6EFA /* PBXTargetDependency */,
			);
			name = "OWE FrontendTests";
			productName = "OWE FrontendTests";
			productReference = D651A09221879FCA001F6EFA /* OWE FrontendTests.xctest */;
			productType = "com.apple.product-type.bundle.unit-test";
		};
/* End PBXNativeTarget section */

/* Begin PBXProject section */
		D651A07321879FC8001F6EFA /* Project object */ = {
			isa = PBXProject;
			attributes = {
				LastSwiftUpdateCheck = 1000;
				LastUpgradeCheck = 1000;
				ORGANIZATIONNAME = "Juliann Fields";
				TargetAttributes = {
					D651A07A21879FC8001F6EFA = {
						CreatedOnToolsVersion = 10.0;
					};
					D651A09121879FCA001F6EFA = {
						CreatedOnToolsVersion = 10.0;
						TestTargetID = D651A07A21879FC8001F6EFA;
					};
				};
			};
			buildConfigurationList = D651A07621879FC8001F6EFA /* Build configuration list for PBXProject "OWE Frontend" */;
			compatibilityVersion = "Xcode 9.3";
			developmentRegion = en;
			hasScannedForEncodings = 0;
			knownRegions = (
				en,
				Base,
			);
			mainGroup = D651A07221879FC8001F6EFA;
			productRefGroup = D651A07C21879FC8001F6EFA /* Products */;
			projectDirPath = "";
			projectRoot = "";
			targets = (
				D651A07A21879FC8001F6EFA /* OWE Frontend */,
				D651A09121879FCA001F6EFA /* OWE FrontendTests */,
			);
		};
/* End PBXProject section */

/* Begin PBXResourcesBuildPhase section */
		D651A07921879FC8001F6EFA /* Resources */ = {
			isa = PBXResourcesBuildPhase;
			buildActionMask = 2147483647;
			files = (
				6330384721A1F1FC0089B620 /* AddMemberTableCell.xib in Resources */,
				D6EE7F5B2197DF4300D15CB2 /* Main.storyboard in Resources */,
				D6DD6300219A392000D28B2B /* GroupTableViewCell.xib in Resources */,
				6330385221A917E70089B620 /* MemberTableCell.xib in Resources */,
				63630B4E21B5F25B00D2A064 /* SplitsTableCell.xib in Resources */,
				63630B4321B4B5A000D2A064 /* WhoOwesTableCell.xib in Resources */,
				D651A08C21879FC9001F6EFA /* LaunchScreen.storyboard in Resources */,
				D6EE7F58219610F900D15CB2 /* Assets.xcassets in Resources */,
				D651A08421879FC8001F6EFA /* UserViews.storyboard in Resources */,
			);
			runOnlyForDeploymentPostprocessing = 0;
		};
		D651A09021879FCA001F6EFA /* Resources */ = {
			isa = PBXResourcesBuildPhase;
			buildActionMask = 2147483647;
			files = (
			);
			runOnlyForDeploymentPostprocessing = 0;
		};
/* End PBXResourcesBuildPhase section */

/* Begin PBXShellScriptBuildPhase section */
		40518AC47C91E976AACEC9CF /* [CP] Embed Pods Frameworks */ = {
			isa = PBXShellScriptBuildPhase;
			buildActionMask = 2147483647;
			files = (
			);
			inputFileListPaths = (
			);
			inputPaths = (
				"${SRCROOT}/Pods/Target Support Files/Pods-OWE Frontend/Pods-OWE Frontend-frameworks.sh",
				"${BUILT_PRODUCTS_DIR}/Alamofire/Alamofire.framework",
				"${BUILT_PRODUCTS_DIR}/SwiftyJSON/SwiftyJSON.framework",
			);
			name = "[CP] Embed Pods Frameworks";
			outputFileListPaths = (
			);
			outputPaths = (
				"${TARGET_BUILD_DIR}/${FRAMEWORKS_FOLDER_PATH}/Alamofire.framework",
				"${TARGET_BUILD_DIR}/${FRAMEWORKS_FOLDER_PATH}/SwiftyJSON.framework",
			);
			runOnlyForDeploymentPostprocessing = 0;
			shellPath = /bin/sh;
			shellScript = "\"${SRCROOT}/Pods/Target Support Files/Pods-OWE Frontend/Pods-OWE Frontend-frameworks.sh\"\n";
			showEnvVarsInLog = 0;
		};
		CEAA2527B28224A2EEB1DDC9 /* [CP] Check Pods Manifest.lock */ = {
			isa = PBXShellScriptBuildPhase;
			buildActionMask = 2147483647;
			files = (
			);
			inputFileListPaths = (
			);
			inputPaths = (
				"${PODS_PODFILE_DIR_PATH}/Podfile.lock",
				"${PODS_ROOT}/Manifest.lock",
			);
			name = "[CP] Check Pods Manifest.lock";
			outputFileListPaths = (
			);
			outputPaths = (
				"$(DERIVED_FILE_DIR)/Pods-OWE Frontend-checkManifestLockResult.txt",
			);
			runOnlyForDeploymentPostprocessing = 0;
			shellPath = /bin/sh;
			shellScript = "diff \"${PODS_PODFILE_DIR_PATH}/Podfile.lock\" \"${PODS_ROOT}/Manifest.lock\" > /dev/null\nif [ $? != 0 ] ; then\n    # print error to STDERR\n    echo \"error: The sandbox is not in sync with the Podfile.lock. Run 'pod install' or update your CocoaPods installation.\" >&2\n    exit 1\nfi\n# This output is used by Xcode 'outputs' to avoid re-running this script phase.\necho \"SUCCESS\" > \"${SCRIPT_OUTPUT_FILE_0}\"\n";
			showEnvVarsInLog = 0;
		};
/* End PBXShellScriptBuildPhase section */

/* Begin PBXSourcesBuildPhase section */
		D651A07721879FC8001F6EFA /* Sources */ = {
			isa = PBXSourcesBuildPhase;
			buildActionMask = 2147483647;
			files = (
				6305CEAD21B9736F00F1B4F3 /* LoginViewController.swift in Sources */,
				63C73C9321928B5F00E06207 /* Split.swift in Sources */,
				D6FE2BAB218F60680038F54F /* GroupListingController.swift in Sources */,
				D6EE7F5421960FD800D15CB2 /* SwiftyJSON.swift in Sources */,
				63C73C8021892A7C00E06207 /* UserSettingsViewController.swift in Sources */,
				6330385421A918440089B620 /* MemberTableCell.swift in Sources */,
				6330384521A0F0DF0089B620 /* AddMemberTableCell.swift in Sources */,
				63630B4821B4DE6D00D2A064 /* WhoOwesTableCell.swift in Sources */,
				D6FE2BBD2190A32A0038F54F /* GroupTableViewCell.swift in Sources */,
				6330383D219DC5880089B620 /* GroupUsersViewModel.swift in Sources */,
				63C73C9121928A3A00E06207 /* Transaction.swift in Sources */,
				63C73C82218AA9C900E06207 /* UserViewController.swift in Sources */,
				63303843219F53970089B620 /* SearchClient.swift in Sources */,
				63C73C84218AB37F00E06207 /* User.swift in Sources */,
				6305CEA621B8335100F1B4F3 /* BaseViewController.swift in Sources */,
				D6FE2BA9218F60590038F54F /* GroupSettingsController.swift in Sources */,
				63C73C9A21928F6F00E06207 /* TransactionController.swift in Sources */,
				D6FE2BA5218F58070038F54F /* Group.swift in Sources */,
				D6FE2BA7218F5E960038F54F /* GroupHomeController.swift in Sources */,
				6330385621AA50430089B620 /* GroupTripViewModel.swift in Sources */,
				63630B4A21B57C7800D2A064 /* TransactionViewModel.swift in Sources */,
				D651A08721879FC8001F6EFA /* OWE_Frontend.xcdatamodeld in Sources */,
				63630B4D21B5F25B00D2A064 /* SplitsTableCell.swift in Sources */,
				D6F717B021993C3A009ED62B /* BaseTableViewController.swift in Sources */,
				D6F717AE219901BD009ED62B /* SideMenuViewController.swift in Sources */,
				D651A07F21879FC8001F6EFA /* AppDelegate.swift in Sources */,
				6330384E21A650BC0089B620 /* Parser.swift in Sources */,
			);
			runOnlyForDeploymentPostprocessing = 0;
		};
		D651A08E21879FCA001F6EFA /* Sources */ = {
			isa = PBXSourcesBuildPhase;
			buildActionMask = 2147483647;
			files = (
				D651A09721879FCA001F6EFA /* OWE_FrontendTests.swift in Sources */,
			);
			runOnlyForDeploymentPostprocessing = 0;
		};
/* End PBXSourcesBuildPhase section */

/* Begin PBXTargetDependency section */
		D651A09421879FCA001F6EFA /* PBXTargetDependency */ = {
			isa = PBXTargetDependency;
			target = D651A07A21879FC8001F6EFA /* OWE Frontend */;
			targetProxy = D651A09321879FCA001F6EFA /* PBXContainerItemProxy */;
		};
/* End PBXTargetDependency section */

/* Begin PBXVariantGroup section */
		D651A08221879FC8001F6EFA /* UserViews.storyboard */ = {
			isa = PBXVariantGroup;
			children = (
				D651A08321879FC8001F6EFA /* Base */,
			);
			name = UserViews.storyboard;
			sourceTree = "<group>";
		};
		D651A08A21879FC9001F6EFA /* LaunchScreen.storyboard */ = {
			isa = PBXVariantGroup;
			children = (
				D651A08B21879FC9001F6EFA /* Base */,
			);
			name = LaunchScreen.storyboard;
			sourceTree = "<group>";
		};
/* End PBXVariantGroup section */

/* Begin XCBuildConfiguration section */
		D651A09921879FCA001F6EFA /* Debug */ = {
			isa = XCBuildConfiguration;
			buildSettings = {
				ALWAYS_SEARCH_USER_PATHS = NO;
				CLANG_ANALYZER_NONNULL = YES;
				CLANG_ANALYZER_NUMBER_OBJECT_CONVERSION = YES_AGGRESSIVE;
				CLANG_CXX_LANGUAGE_STANDARD = "gnu++14";
				CLANG_CXX_LIBRARY = "libc++";
				CLANG_ENABLE_MODULES = YES;
				CLANG_ENABLE_OBJC_ARC = YES;
				CLANG_ENABLE_OBJC_WEAK = YES;
				CLANG_WARN_BLOCK_CAPTURE_AUTORELEASING = YES;
				CLANG_WARN_BOOL_CONVERSION = YES;
				CLANG_WARN_COMMA = YES;
				CLANG_WARN_CONSTANT_CONVERSION = YES;
				CLANG_WARN_DEPRECATED_OBJC_IMPLEMENTATIONS = YES;
				CLANG_WARN_DIRECT_OBJC_ISA_USAGE = YES_ERROR;
				CLANG_WARN_DOCUMENTATION_COMMENTS = YES;
				CLANG_WARN_EMPTY_BODY = YES;
				CLANG_WARN_ENUM_CONVERSION = YES;
				CLANG_WARN_INFINITE_RECURSION = YES;
				CLANG_WARN_INT_CONVERSION = YES;
				CLANG_WARN_NON_LITERAL_NULL_CONVERSION = YES;
				CLANG_WARN_OBJC_IMPLICIT_RETAIN_SELF = YES;
				CLANG_WARN_OBJC_LITERAL_CONVERSION = YES;
				CLANG_WARN_OBJC_ROOT_CLASS = YES_ERROR;
				CLANG_WARN_RANGE_LOOP_ANALYSIS = YES;
				CLANG_WARN_STRICT_PROTOTYPES = YES;
				CLANG_WARN_SUSPICIOUS_MOVE = YES;
				CLANG_WARN_UNGUARDED_AVAILABILITY = YES_AGGRESSIVE;
				CLANG_WARN_UNREACHABLE_CODE = YES;
				CLANG_WARN__DUPLICATE_METHOD_MATCH = YES;
				CODE_SIGN_IDENTITY = "iPhone Developer";
				COPY_PHASE_STRIP = NO;
				DEBUG_INFORMATION_FORMAT = dwarf;
				ENABLE_STRICT_OBJC_MSGSEND = YES;
				ENABLE_TESTABILITY = YES;
				GCC_C_LANGUAGE_STANDARD = gnu11;
				GCC_DYNAMIC_NO_PIC = NO;
				GCC_NO_COMMON_BLOCKS = YES;
				GCC_OPTIMIZATION_LEVEL = 0;
				GCC_PREPROCESSOR_DEFINITIONS = (
					"DEBUG=1",
					"$(inherited)",
				);
				GCC_WARN_64_TO_32_BIT_CONVERSION = YES;
				GCC_WARN_ABOUT_RETURN_TYPE = YES_ERROR;
				GCC_WARN_UNDECLARED_SELECTOR = YES;
				GCC_WARN_UNINITIALIZED_AUTOS = YES_AGGRESSIVE;
				GCC_WARN_UNUSED_FUNCTION = YES;
				GCC_WARN_UNUSED_VARIABLE = YES;
				IPHONEOS_DEPLOYMENT_TARGET = 12.0;
				MTL_ENABLE_DEBUG_INFO = INCLUDE_SOURCE;
				MTL_FAST_MATH = YES;
				ONLY_ACTIVE_ARCH = YES;
				SDKROOT = iphoneos;
				SWIFT_ACTIVE_COMPILATION_CONDITIONS = DEBUG;
				SWIFT_OPTIMIZATION_LEVEL = "-Onone";
			};
			name = Debug;
		};
		D651A09A21879FCA001F6EFA /* Release */ = {
			isa = XCBuildConfiguration;
			buildSettings = {
				ALWAYS_SEARCH_USER_PATHS = NO;
				CLANG_ANALYZER_NONNULL = YES;
				CLANG_ANALYZER_NUMBER_OBJECT_CONVERSION = YES_AGGRESSIVE;
				CLANG_CXX_LANGUAGE_STANDARD = "gnu++14";
				CLANG_CXX_LIBRARY = "libc++";
				CLANG_ENABLE_MODULES = YES;
				CLANG_ENABLE_OBJC_ARC = YES;
				CLANG_ENABLE_OBJC_WEAK = YES;
				CLANG_WARN_BLOCK_CAPTURE_AUTORELEASING = YES;
				CLANG_WARN_BOOL_CONVERSION = YES;
				CLANG_WARN_COMMA = YES;
				CLANG_WARN_CONSTANT_CONVERSION = YES;
				CLANG_WARN_DEPRECATED_OBJC_IMPLEMENTATIONS = YES;
				CLANG_WARN_DIRECT_OBJC_ISA_USAGE = YES_ERROR;
				CLANG_WARN_DOCUMENTATION_COMMENTS = YES;
				CLANG_WARN_EMPTY_BODY = YES;
				CLANG_WARN_ENUM_CONVERSION = YES;
				CLANG_WARN_INFINITE_RECURSION = YES;
				CLANG_WARN_INT_CONVERSION = YES;
				CLANG_WARN_NON_LITERAL_NULL_CONVERSION = YES;
				CLANG_WARN_OBJC_IMPLICIT_RETAIN_SELF = YES;
				CLANG_WARN_OBJC_LITERAL_CONVERSION = YES;
				CLANG_WARN_OBJC_ROOT_CLASS = YES_ERROR;
				CLANG_WARN_RANGE_LOOP_ANALYSIS = YES;
				CLANG_WARN_STRICT_PROTOTYPES = YES;
				CLANG_WARN_SUSPICIOUS_MOVE = YES;
				CLANG_WARN_UNGUARDED_AVAILABILITY = YES_AGGRESSIVE;
				CLANG_WARN_UNREACHABLE_CODE = YES;
				CLANG_WARN__DUPLICATE_METHOD_MATCH = YES;
				CODE_SIGN_IDENTITY = "iPhone Developer";
				COPY_PHASE_STRIP = NO;
				DEBUG_INFORMATION_FORMAT = "dwarf-with-dsym";
				ENABLE_NS_ASSERTIONS = NO;
				ENABLE_STRICT_OBJC_MSGSEND = YES;
				GCC_C_LANGUAGE_STANDARD = gnu11;
				GCC_NO_COMMON_BLOCKS = YES;
				GCC_WARN_64_TO_32_BIT_CONVERSION = YES;
				GCC_WARN_ABOUT_RETURN_TYPE = YES_ERROR;
				GCC_WARN_UNDECLARED_SELECTOR = YES;
				GCC_WARN_UNINITIALIZED_AUTOS = YES_AGGRESSIVE;
				GCC_WARN_UNUSED_FUNCTION = YES;
				GCC_WARN_UNUSED_VARIABLE = YES;
				IPHONEOS_DEPLOYMENT_TARGET = 12.0;
				MTL_ENABLE_DEBUG_INFO = NO;
				MTL_FAST_MATH = YES;
				SDKROOT = iphoneos;
				SWIFT_COMPILATION_MODE = wholemodule;
				SWIFT_OPTIMIZATION_LEVEL = "-O";
				VALIDATE_PRODUCT = YES;
			};
			name = Release;
		};
		D651A09C21879FCA001F6EFA /* Debug */ = {
			isa = XCBuildConfiguration;
			baseConfigurationReference = 647D82082CB015D478F02ABD /* Pods-OWE Frontend.debug.xcconfig */;
			buildSettings = {
				ASSETCATALOG_COMPILER_APPICON_NAME = AppIcon;
				CODE_SIGN_STYLE = Automatic;
				DEVELOPMENT_TEAM = UM7RW2TAM7;
				INFOPLIST_FILE = "$(SRCROOT)/Info.plist";
				LD_RUNPATH_SEARCH_PATHS = (
					"$(inherited)",
					"@executable_path/Frameworks",
				);
				PRODUCT_BUNDLE_IDENTIFIER = "Gfruity.OWE-Frontend";
				PRODUCT_NAME = "$(TARGET_NAME)";
				SWIFT_VERSION = 4.0;
				TARGETED_DEVICE_FAMILY = 1;
			};
			name = Debug;
		};
		D651A09D21879FCA001F6EFA /* Release */ = {
			isa = XCBuildConfiguration;
			baseConfigurationReference = E1435A41872F816637642B6D /* Pods-OWE Frontend.release.xcconfig */;
			buildSettings = {
				ASSETCATALOG_COMPILER_APPICON_NAME = AppIcon;
				CODE_SIGN_STYLE = Automatic;
				DEVELOPMENT_TEAM = UM7RW2TAM7;
				INFOPLIST_FILE = "$(SRCROOT)/Info.plist";
				LD_RUNPATH_SEARCH_PATHS = (
					"$(inherited)",
					"@executable_path/Frameworks",
				);
				PRODUCT_BUNDLE_IDENTIFIER = "Gfruity.OWE-Frontend";
				PRODUCT_NAME = "$(TARGET_NAME)";
				SWIFT_VERSION = 4.0;
				TARGETED_DEVICE_FAMILY = 1;
			};
			name = Release;
		};
		D651A09F21879FCA001F6EFA /* Debug */ = {
			isa = XCBuildConfiguration;
			buildSettings = {
				ALWAYS_EMBED_SWIFT_STANDARD_LIBRARIES = YES;
				BUNDLE_LOADER = "$(TEST_HOST)";
				CODE_SIGN_STYLE = Automatic;
				DEVELOPMENT_TEAM = UM7RW2TAM7;
				INFOPLIST_FILE = "OWE FrontendTests/Info.plist";
				LD_RUNPATH_SEARCH_PATHS = (
					"$(inherited)",
					"@executable_path/Frameworks",
					"@loader_path/Frameworks",
				);
				PRODUCT_BUNDLE_IDENTIFIER = "Gfruity.OWE-FrontendTests";
				PRODUCT_NAME = "$(TARGET_NAME)";
				SWIFT_VERSION = 4.2;
				TARGETED_DEVICE_FAMILY = "1,2";
				TEST_HOST = "$(BUILT_PRODUCTS_DIR)/OWE Frontend.app/OWE Frontend";
			};
			name = Debug;
		};
		D651A0A021879FCA001F6EFA /* Release */ = {
			isa = XCBuildConfiguration;
			buildSettings = {
				ALWAYS_EMBED_SWIFT_STANDARD_LIBRARIES = YES;
				BUNDLE_LOADER = "$(TEST_HOST)";
				CODE_SIGN_STYLE = Automatic;
				DEVELOPMENT_TEAM = UM7RW2TAM7;
				INFOPLIST_FILE = "OWE FrontendTests/Info.plist";
				LD_RUNPATH_SEARCH_PATHS = (
					"$(inherited)",
					"@executable_path/Frameworks",
					"@loader_path/Frameworks",
				);
				PRODUCT_BUNDLE_IDENTIFIER = "Gfruity.OWE-FrontendTests";
				PRODUCT_NAME = "$(TARGET_NAME)";
				SWIFT_VERSION = 4.2;
				TARGETED_DEVICE_FAMILY = "1,2";
				TEST_HOST = "$(BUILT_PRODUCTS_DIR)/OWE Frontend.app/OWE Frontend";
			};
			name = Release;
		};
/* End XCBuildConfiguration section */

/* Begin XCConfigurationList section */
		D651A07621879FC8001F6EFA /* Build configuration list for PBXProject "OWE Frontend" */ = {
			isa = XCConfigurationList;
			buildConfigurations = (
				D651A09921879FCA001F6EFA /* Debug */,
				D651A09A21879FCA001F6EFA /* Release */,
			);
			defaultConfigurationIsVisible = 0;
			defaultConfigurationName = Release;
		};
		D651A09B21879FCA001F6EFA /* Build configuration list for PBXNativeTarget "OWE Frontend" */ = {
			isa = XCConfigurationList;
			buildConfigurations = (
				D651A09C21879FCA001F6EFA /* Debug */,
				D651A09D21879FCA001F6EFA /* Release */,
			);
			defaultConfigurationIsVisible = 0;
			defaultConfigurationName = Release;
		};
		D651A09E21879FCA001F6EFA /* Build configuration list for PBXNativeTarget "OWE FrontendTests" */ = {
			isa = XCConfigurationList;
			buildConfigurations = (
				D651A09F21879FCA001F6EFA /* Debug */,
				D651A0A021879FCA001F6EFA /* Release */,
			);
			defaultConfigurationIsVisible = 0;
			defaultConfigurationName = Release;
		};
/* End XCConfigurationList section */

/* Begin XCVersionGroup section */
		D651A08521879FC8001F6EFA /* OWE_Frontend.xcdatamodeld */ = {
			isa = XCVersionGroup;
			children = (
				D651A08621879FC8001F6EFA /* OWE_Frontend.xcdatamodel */,
			);
			currentVersion = D651A08621879FC8001F6EFA /* OWE_Frontend.xcdatamodel */;
			path = OWE_Frontend.xcdatamodeld;
			sourceTree = "<group>";
			versionGroupType = wrapper.xcdatamodel;
		};
/* End XCVersionGroup section */
	};
	rootObject = D651A07321879FC8001F6EFA /* Project object */;
}
